Microsoft Visual Studio Solution File, Format Version 8.00
Project("{8BC9CEB8-8B4A-11D0-8D11-00A0C91BC942}") = "ServoWorkbench", "ServoWorkbench\ServoWorkbench.vcproj", "{07FB4909-E73E-427B-823B-A0D7B12800E4}"
	ProjectSection(ProjectDependencies) = postProject
		{4CAB6D32-1352-4EE3-848A-52DC27C92CC4} = {4CAB6D32-1352-4EE3-848A-52DC27C92CC4}
		{85F76FB3-1600-4EE8-99CE-C277A86EF828} = {85F76FB3-1600-4EE8-99CE-C277A86EF828}
	EndProjectSection
EndProject
Project("{8BC9CEB8-8B4A-11D0-8D11-00A0C91BC942}") = "ax-servo", "ax-servo\ax-servo.vcproj", "{4CAB6D32-1352-4EE3-848A-52DC27C92CC4}"
	ProjectSection(ProjectDependencies) = postProject
	EndProjectSection
EndProject
Project("{8BC9CEB8-8B4A-11D0-8D11-00A0C91BC942}") = "ax-servoPS", "ax-servo\ax-servoPS.vcproj", "{85F76FB3-1600-4EE8-99CE-C277A86EF828}"
	ProjectSection(ProjectDependencies) = postProject
		{4CAB6D32-1352-4EE3-848A-52DC27C92CC4} = {4CAB6D32-1352-4EE3-848A-52DC27C92CC4}
	EndProjectSection
EndProject
Project("{54435603-DBB4-11D2-8724-00A0C9A8B90C}") = "installer", "installer\installer.vdproj", "{870E6373-1C56-47CD-B403-7B34755651B0}"
	ProjectSection(ProjectDependencies) = postProject
	EndProjectSection
EndProject
Global
	GlobalSection(SolutionConfiguration) = preSolution
		Debug = Debug
		Release = Release
	EndGlobalSection
	GlobalSection(ProjectConfiguration) = postSolution
		{07FB4909-E73E-427B-823B-A0D7B12800E4}.Debug.ActiveCfg = Debug|Win32
		{07FB4909-E73E-427B-823B-A0D7B12800E4}.Debug.Build.0 = Debug|Win32
		{07FB4909-E73E-427B-823B-A0D7B12800E4}.Release.ActiveCfg = Release|Win32
		{07FB4909-E73E-427B-823B-A0D7B12800E4}.Release.Build.0 = Release|Win32
		{4CAB6D32-1352-4EE3-848A-52DC27C92CC4}.Debug.ActiveCfg = Debug|Win32
		{4CAB6D32-1352-4EE3-848A-52DC27C92CC4}.Debug.Build.0 = Debug|Win32
		{4CAB6D32-1352-4EE3-848A-52DC27C92CC4}.Release.ActiveCfg = Release|Win32
		{4CAB6D32-1352-4EE3-848A-52DC27C92CC4}.Release.Build.0 = Release|Win32
		{85F76FB3-1600-4EE8-99CE-C277A86EF828}.Debug.ActiveCfg = Debug|Win32
		{85F76FB3-1600-4EE8-99CE-C277A86EF828}.Debug.Build.0 = Debug|Win32
		{85F76FB3-1600-4EE8-99CE-C277A86EF828}.Release.ActiveCfg = Release|Win32
		{85F76FB3-1600-4EE8-99CE-C277A86EF828}.Release.Build.0 = Release|Win32
		{870E6373-1C56-47CD-B403-7B34755651B0}.Debug.ActiveCfg = Debug
		{870E6373-1C56-47CD-B403-7B34755651B0}.Release.ActiveCfg = Release
		{870E6373-1C56-47CD-B403-7B34755651B0}.Release.Build.0 = Release
	EndGlobalSection
	GlobalSection(ExtensibilityGlobals) = postSolution
	EndGlobalSection
	GlobalSection(ExtensibilityAddIns) = postSolution
	EndGlobalSection
EndGlobal
